{
  "name": "offline",
  "lockfileVersion": 3,
  "requires": true,
  "packages": {
    "": {
      "dependencies": {
        "packed-delivery-fixture": "file:.test-work/fixed-controller-42-84162/actor/packed-delivery-fixture-1.0.0.tgz"
      }
    },
    "node_modules/packed-delivery-fixture": {
      "version": "1.0.0",
      "resolved": "file:.test-work/fixed-controller-42-84162/actor/packed-delivery-fixture-1.0.0.tgz",
      "integrity": "sha512-AAKxfHB4LJ8u4KZSk8oZshhA/3nRkzvvhCpoUn81LoUmgzKT4n2AXMaySZ8dYCnKfaFjwBgKvfsJUV8fETf6KQ=="
    }
  }
}
